
Microsoft Visual Studio Solution File, Format Version 11.00
# Visual Studio 2010
Project("{FAE04EC0-301F-11D3-BF4B-00C04F79EFBC}") = "Assembly-CSharp", "Assembly-CSharp.csproj", "{014C5246-C041-5CD8-1D2B-26D02F2A16D3}"
EndProject
Project("{FAE04EC0-301F-11D3-BF4B-00C04F79EFBC}") = "Assembly-CSharp-Editor", "Assembly-CSharp-Editor.csproj", "{5B7E5A81-BBBD-60ED-45EA-543219390F0C}"
EndProject
Global
	GlobalSection(SolutionConfigurationPlatforms) = preSolution
		Debug|Any CPU = Debug|Any CPU
		Release|Any CPU = Release|Any CPU
	EndGlobalSection
	GlobalSection(ProjectConfigurationPlatforms) = postSolution
		{014C5246-C041-5CD8-1D2B-26D02F2A16D3}.Debug|Any CPU.ActiveCfg = Debug|Any CPU
		{014C5246-C041-5CD8-1D2B-26D02F2A16D3}.Debug|Any CPU.Build.0 = Debug|Any CPU
		{014C5246-C041-5CD8-1D2B-26D02F2A16D3}.Release|Any CPU.ActiveCfg = Release|Any CPU
		{014C5246-C041-5CD8-1D2B-26D02F2A16D3}.Release|Any CPU.Build.0 = Release|Any CPU
		{5B7E5A81-BBBD-60ED-45EA-543219390F0C}.Debug|Any CPU.ActiveCfg = Debug|Any CPU
		{5B7E5A81-BBBD-60ED-45EA-543219390F0C}.Debug|Any CPU.Build.0 = Debug|Any CPU
		{5B7E5A81-BBBD-60ED-45EA-543219390F0C}.Release|Any CPU.ActiveCfg = Release|Any CPU
		{5B7E5A81-BBBD-60ED-45EA-543219390F0C}.Release|Any CPU.Build.0 = Release|Any CPU
	EndGlobalSection
	GlobalSection(SolutionProperties) = preSolution
		HideSolutionNode = FALSE
	EndGlobalSection
EndGlobal
